
Microsoft Visual Studio Solution File, Format Version 12.00
# Visual Studio 15
VisualStudioVersion = 15.0.27130.2027
MinimumVisualStudioVersion = 10.0.40219.1
Project("{FAE04EC0-301F-11D3-BF4B-00C04F79EFBC}") = "DoorControl", "DoorControl\DoorControl.csproj", "{4EC9F7B3-61F4-4B92-86E6-65E0E6649C74}"
EndProject
Project("{FAE04EC0-301F-11D3-BF4B-00C04F79EFBC}") = "DoorControl.Unit.Test", "DoorControl.Unit.Test\DoorControl.Unit.Test.csproj", "{37D8E73F-837A-4C7D-A60C-10B072482918}"
EndProject
Global
	GlobalSection(SolutionConfigurationPlatforms) = preSolution
		Debug|Any CPU = Debug|Any CPU
		Release|Any CPU = Release|Any CPU
	EndGlobalSection
	GlobalSection(ProjectConfigurationPlatforms) = postSolution
		{4EC9F7B3-61F4-4B92-86E6-65E0E6649C74}.Debug|Any CPU.ActiveCfg = Debug|Any CPU
		{4EC9F7B3-61F4-4B92-86E6-65E0E6649C74}.Debug|Any CPU.Build.0 = Debug|Any CPU
		{4EC9F7B3-61F4-4B92-86E6-65E0E6649C74}.Release|Any CPU.ActiveCfg = Release|Any CPU
		{4EC9F7B3-61F4-4B92-86E6-65E0E6649C74}.Release|Any CPU.Build.0 = Release|Any CPU
		{37D8E73F-837A-4C7D-A60C-10B072482918}.Debug|Any CPU.ActiveCfg = Debug|Any CPU
		{37D8E73F-837A-4C7D-A60C-10B072482918}.Debug|Any CPU.Build.0 = Debug|Any CPU
		{37D8E73F-837A-4C7D-A60C-10B072482918}.Release|Any CPU.ActiveCfg = Release|Any CPU
		{37D8E73F-837A-4C7D-A60C-10B072482918}.Release|Any CPU.Build.0 = Release|Any CPU
	EndGlobalSection
	GlobalSection(SolutionProperties) = preSolution
		HideSolutionNode = FALSE
	EndGlobalSection
	GlobalSection(ExtensibilityGlobals) = postSolution
		SolutionGuid = {918D2847-C15A-4222-8131-F098F8F619CF}
	EndGlobalSection
EndGlobal
